
Microsoft Visual Studio Solution File, Format Version 12.00
# Visual Studio Version 16
VisualStudioVersion = 16.0.31112.23
MinimumVisualStudioVersion = 10.0.40219.1
Project("{FAE04EC0-301F-11D3-BF4B-00C04F79EFBC}") = "ExercicioFinalHerancaPolimorfismo", "ExercicioFinalHerancaPolimorfismo\ExercicioFinalHerancaPolimorfismo.csproj", "{FCE55E16-4954-4DE5-B8A9-E3405889CC5D}"
EndProject
Global
	GlobalSection(SolutionConfigurationPlatforms) = preSolution
		Debug|Any CPU = Debug|Any CPU
		Release|Any CPU = Release|Any CPU
	EndGlobalSection
	GlobalSection(ProjectConfigurationPlatforms) = postSolution
		{FCE55E16-4954-4DE5-B8A9-E3405889CC5D}.Debug|Any CPU.ActiveCfg = Debug|Any CPU
		{FCE55E16-4954-4DE5-B8A9-E3405889CC5D}.Debug|Any CPU.Build.0 = Debug|Any CPU
		{FCE55E16-4954-4DE5-B8A9-E3405889CC5D}.Release|Any CPU.ActiveCfg = Release|Any CPU
		{FCE55E16-4954-4DE5-B8A9-E3405889CC5D}.Release|Any CPU.Build.0 = Release|Any CPU
	EndGlobalSection
	GlobalSection(SolutionProperties) = preSolution
		HideSolutionNode = FALSE
	EndGlobalSection
	GlobalSection(ExtensibilityGlobals) = postSolution
		SolutionGuid = {C69149BC-6FF0-4F7C-867F-2AF0D7805AAA}
	EndGlobalSection
EndGlobal
